{
  "object": {
    "pins": [
      {
        "package": "Python-iOS",
        "repositoryURL": "https://github.com/kewlbear/Python-iOS.git",
        "state": {
          "branch": "main",
          "revision": "d3ed91b16565ea599d0947fcbc3e6db0d0f9ae00",
          "version": null
        }
      }
    ]
  },
  "version": 1
}
